// !$*UTF8*$!
{
	archiveVersion = 1;
	classes = {
	};
	objectVersion = 56;
	objects = {

/* Begin PBXBuildFile section */
		78F39A162C26C33C0096A6CB /* Adventure_ArchiveApp.swift in Sources */ = {isa = PBXBuildFile; fileRef = 78F39A152C26C33C0096A6CB /* Adventure_ArchiveApp.swift */; };
		78F39A182C26C33C0096A6CB /* ContentView.swift in Sources */ = {isa = PBXBuildFile; fileRef = 78F39A172C26C33C0096A6CB /* ContentView.swift */; };
		78F39A1A2C26C33C0096A6CB /* Item.swift in Sources */ = {isa = PBXBuildFile; fileRef = 78F39A192C26C33C0096A6CB /* Item.swift */; };
		78F39A1C2C26C3420096A6CB /* Assets.xcassets in Resources */ = {isa = PBXBuildFile; fileRef = 78F39A1B2C26C3420096A6CB /* Assets.xcassets */; };
		78F39A1F2C26C3420096A6CB /* Preview Assets.xcassets in Resources */ = {isa = PBXBuildFile; fileRef = 78F39A1E2C26C3420096A6CB /* Preview Assets.xcassets */; };
		78F39A292C26C3440096A6CB /* Adventure_ArchiveTests.swift in Sources */ = {isa = PBXBuildFile; fileRef = 78F39A282C26C3440096A6CB /* Adventure_ArchiveTests.swift */; };
		78F39A332C26C3440096A6CB /* Adventure_ArchiveUITests.swift in Sources */ = {isa = PBXBuildFile; fileRef = 78F39A322C26C3440096A6CB /* Adventure_ArchiveUITests.swift */; };
		78F39A352C26C3440096A6CB /* Adventure_ArchiveUITestsLaunchTests.swift in Sources */ = {isa = PBXBuildFile; fileRef = 78F39A342C26C3440096A6CB /* Adventure_ArchiveUITestsLaunchTests.swift */; };
		78F39A432C26C5200096A6CB /* Auth in Frameworks */ = {isa = PBXBuildFile; productRef = 78F39A422C26C5200096A6CB /* Auth */; };
		78F39A452C26C5200096A6CB /* Functions in Frameworks */ = {isa = PBXBuildFile; productRef = 78F39A442C26C5200096A6CB /* Functions */; };
		78F39A472C26C5200096A6CB /* PostgREST in Frameworks */ = {isa = PBXBuildFile; productRef = 78F39A462C26C5200096A6CB /* PostgREST */; };
		78F39A492C26C5200096A6CB /* Realtime in Frameworks */ = {isa = PBXBuildFile; productRef = 78F39A482C26C5200096A6CB /* Realtime */; };
		78F39A4B2C26C5200096A6CB /* Storage in Frameworks */ = {isa = PBXBuildFile; productRef = 78F39A4A2C26C5200096A6CB /* Storage */; };
		78F39A4D2C26C5880096A6CB /* Config.xcconfig in Resources */ = {isa = PBXBuildFile; fileRef = 78F39A4C2C26C5880096A6CB /* Config.xcconfig */; };
		78F39A4F2C26C63B0096A6CB /* SupabaseManager.swift in Sources */ = {isa = PBXBuildFile; fileRef = 78F39A4E2C26C63B0096A6CB /* SupabaseManager.swift */; };
		78F39A512C26C7850096A6CB /* LoginView.swift in Sources */ = {isa = PBXBuildFile; fileRef = 78F39A502C26C7850096A6CB /* LoginView.swift */; };
		78F39A542C26F6E80096A6CB /* Supabase in Frameworks */ = {isa = PBXBuildFile; productRef = 78F39A532C26F6E80096A6CB /* Supabase */; };
		78F39A562C2713310096A6CB /* WelcomeVIew.swift in Sources */ = {isa = PBXBuildFile; fileRef = 78F39A552C2713310096A6CB /* WelcomeVIew.swift */; };
/* End PBXBuildFile section */

/* Begin PBXContainerItemProxy section */
		78F39A252C26C3440096A6CB /* PBXContainerItemProxy */ = {
			isa = PBXContainerItemProxy;
			containerPortal = 78F39A0A2C26C33C0096A6CB /* Project object */;
			proxyType = 1;
			remoteGlobalIDString = 78F39A112C26C33C0096A6CB;
			remoteInfo = "Adventure Archive";
		};
		78F39A2F2C26C3440096A6CB /* PBXContainerItemProxy */ = {
			isa = PBXContainerItemProxy;
			containerPortal = 78F39A0A2C26C33C0096A6CB /* Project object */;
			proxyType = 1;
			remoteGlobalIDString = 78F39A112C26C33C0096A6CB;
			remoteInfo = "Adventure Archive";
		};
/* End PBXContainerItemProxy section */

/* Begin PBXFileReference section */
		78F39A122C26C33C0096A6CB /* Adventure Archive.app */ = {isa = PBXFileReference; explicitFileType = wrapper.application; includeInIndex = 0; path = "Adventure Archive.app"; sourceTree = BUILT_PRODUCTS_DIR; };
		78F39A152C26C33C0096A6CB /* Adventure_ArchiveApp.swift */ = {isa = PBXFileReference; lastKnownFileType = sourcecode.swift; path = Adventure_ArchiveApp.swift; sourceTree = "<group>"; };
		78F39A172C26C33C0096A6CB /* ContentView.swift */ = {isa = PBXFileReference; lastKnownFileType = sourcecode.swift; path = ContentView.swift; sourceTree = "<group>"; };
		78F39A192C26C33C0096A6CB /* Item.swift */ = {isa = PBXFileReference; lastKnownFileType = sourcecode.swift; path = Item.swift; sourceTree = "<group>"; };
		78F39A1B2C26C3420096A6CB /* Assets.xcassets */ = {isa = PBXFileReference; lastKnownFileType = folder.assetcatalog; path = Assets.xcassets; sourceTree = "<group>"; };
		78F39A1E2C26C3420096A6CB /* Preview Assets.xcassets */ = {isa = PBXFileReference; lastKnownFileType = folder.assetcatalog; path = "Preview Assets.xcassets"; sourceTree = "<group>"; };
		78F39A242C26C3440096A6CB /* Adventure ArchiveTests.xctest */ = {isa = PBXFileReference; explicitFileType = wrapper.cfbundle; includeInIndex = 0; path = "Adventure ArchiveTests.xctest"; sourceTree = BUILT_PRODUCTS_DIR; };
		78F39A282C26C3440096A6CB /* Adventure_ArchiveTests.swift */ = {isa = PBXFileReference; lastKnownFileType = sourcecode.swift; path = Adventure_ArchiveTests.swift; sourceTree = "<group>"; };
		78F39A2E2C26C3440096A6CB /* Adventure ArchiveUITests.xctest */ = {isa = PBXFileReference; explicitFileType = wrapper.cfbundle; includeInIndex = 0; path = "Adventure ArchiveUITests.xctest"; sourceTree = BUILT_PRODUCTS_DIR; };
		78F39A322C26C3440096A6CB /* Adventure_ArchiveUITests.swift */ = {isa = PBXFileReference; lastKnownFileType = sourcecode.swift; path = Adventure_ArchiveUITests.swift; sourceTree = "<group>"; };
		78F39A342C26C3440096A6CB /* Adventure_ArchiveUITestsLaunchTests.swift */ = {isa = PBXFileReference; lastKnownFileType = sourcecode.swift; path = Adventure_ArchiveUITestsLaunchTests.swift; sourceTree = "<group>"; };
		78F39A4C2C26C5880096A6CB /* Config.xcconfig */ = {isa = PBXFileReference; lastKnownFileType = text.xcconfig; path = Config.xcconfig; sourceTree = "<group>"; };
		78F39A4E2C26C63B0096A6CB /* SupabaseManager.swift */ = {isa = PBXFileReference; lastKnownFileType = sourcecode.swift; path = SupabaseManager.swift; sourceTree = "<group>"; };
		78F39A502C26C7850096A6CB /* LoginView.swift */ = {isa = PBXFileReference; lastKnownFileType = sourcecode.swift; path = LoginView.swift; sourceTree = "<group>"; };
		78F39A552C2713310096A6CB /* WelcomeVIew.swift */ = {isa = PBXFileReference; lastKnownFileType = sourcecode.swift; path = WelcomeVIew.swift; sourceTree = "<group>"; };
/* End PBXFileReference section */

/* Begin PBXFrameworksBuildPhase section */
		78F39A0F2C26C33C0096A6CB /* Frameworks */ = {
			isa = PBXFrameworksBuildPhase;
			buildActionMask = 2147483647;
			files = (
				78F39A472C26C5200096A6CB /* PostgREST in Frameworks */,
				78F39A452C26C5200096A6CB /* Functions in Frameworks */,
				78F39A542C26F6E80096A6CB /* Supabase in Frameworks */,
				78F39A432C26C5200096A6CB /* Auth in Frameworks */,
				78F39A4B2C26C5200096A6CB /* Storage in Frameworks */,
				78F39A492C26C5200096A6CB /* Realtime in Frameworks */,
			);
			runOnlyForDeploymentPostprocessing = 0;
		};
		78F39A212C26C3440096A6CB /* Frameworks */ = {
			isa = PBXFrameworksBuildPhase;
			buildActionMask = 2147483647;
			files = (
			);
			runOnlyForDeploymentPostprocessing = 0;
		};
		78F39A2B2C26C3440096A6CB /* Frameworks */ = {
			isa = PBXFrameworksBuildPhase;
			buildActionMask = 2147483647;
			files = (
			);
			runOnlyForDeploymentPostprocessing = 0;
		};
/* End PBXFrameworksBuildPhase section */

/* Begin PBXGroup section */
		78F39A092C26C33C0096A6CB = {
			isa = PBXGroup;
			children = (
				78F39A142C26C33C0096A6CB /* Adventure Archive */,
				78F39A272C26C3440096A6CB /* Adventure ArchiveTests */,
				78F39A312C26C3440096A6CB /* Adventure ArchiveUITests */,
				78F39A132C26C33C0096A6CB /* Products */,
				78F39A522C26F6E80096A6CB /* Frameworks */,
			);
			sourceTree = "<group>";
		};
		78F39A132C26C33C0096A6CB /* Products */ = {
			isa = PBXGroup;
			children = (
				78F39A122C26C33C0096A6CB /* Adventure Archive.app */,
				78F39A242C26C3440096A6CB /* Adventure ArchiveTests.xctest */,
				78F39A2E2C26C3440096A6CB /* Adventure ArchiveUITests.xctest */,
			);
			name = Products;
			sourceTree = "<group>";
		};
		78F39A142C26C33C0096A6CB /* Adventure Archive */ = {
			isa = PBXGroup;
			children = (
				78F39A152C26C33C0096A6CB /* Adventure_ArchiveApp.swift */,
				78F39A172C26C33C0096A6CB /* ContentView.swift */,
				78F39A192C26C33C0096A6CB /* Item.swift */,
				78F39A1B2C26C3420096A6CB /* Assets.xcassets */,
				78F39A1D2C26C3420096A6CB /* Preview Content */,
				78F39A4C2C26C5880096A6CB /* Config.xcconfig */,
				78F39A4E2C26C63B0096A6CB /* SupabaseManager.swift */,
				78F39A502C26C7850096A6CB /* LoginView.swift */,
				78F39A552C2713310096A6CB /* WelcomeVIew.swift */,
			);
			path = "Adventure Archive";
			sourceTree = "<group>";
		};
		78F39A1D2C26C3420096A6CB /* Preview Content */ = {
			isa = PBXGroup;
			children = (
				78F39A1E2C26C3420096A6CB /* Preview Assets.xcassets */,
			);
			path = "Preview Content";
			sourceTree = "<group>";
		};
		78F39A272C26C3440096A6CB /* Adventure ArchiveTests */ = {
			isa = PBXGroup;
			children = (
				78F39A282C26C3440096A6CB /* Adventure_ArchiveTests.swift */,
			);
			path = "Adventure ArchiveTests";
			sourceTree = "<group>";
		};
		78F39A312C26C3440096A6CB /* Adventure ArchiveUITests */ = {
			isa = PBXGroup;
			children = (
				78F39A322C26C3440096A6CB /* Adventure_ArchiveUITests.swift */,
				78F39A342C26C3440096A6CB /* Adventure_ArchiveUITestsLaunchTests.swift */,
			);
			path = "Adventure ArchiveUITests";
			sourceTree = "<group>";
		};
		78F39A522C26F6E80096A6CB /* Frameworks */ = {
			isa = PBXGroup;
			children = (
			);
			name = Frameworks;
			sourceTree = "<group>";
		};
/* End PBXGroup section */

/* Begin PBXNativeTarget section */
		78F39A112C26C33C0096A6CB /* Adventure Archive */ = {
			isa = PBXNativeTarget;
			buildConfigurationList = 78F39A382C26C3440096A6CB /* Build configuration list for PBXNativeTarget "Adventure Archive" */;
			buildPhases = (
				78F39A0E2C26C33C0096A6CB /* Sources */,
				78F39A0F2C26C33C0096A6CB /* Frameworks */,
				78F39A102C26C33C0096A6CB /* Resources */,
			);
			buildRules = (
			);
			dependencies = (
			);
			name = "Adventure Archive";
			packageProductDependencies = (
				78F39A422C26C5200096A6CB /* Auth */,
				78F39A442C26C5200096A6CB /* Functions */,
				78F39A462C26C5200096A6CB /* PostgREST */,
				78F39A482C26C5200096A6CB /* Realtime */,
				78F39A4A2C26C5200096A6CB /* Storage */,
				78F39A532C26F6E80096A6CB /* Supabase */,
			);
			productName = "Adventure Archive";
			productReference = 78F39A122C26C33C0096A6CB /* Adventure Archive.app */;
			productType = "com.apple.product-type.application";
		};
		78F39A232C26C3440096A6CB /* Adventure ArchiveTests */ = {
			isa = PBXNativeTarget;
			buildConfigurationList = 78F39A3B2C26C3440096A6CB /* Build configuration list for PBXNativeTarget "Adventure ArchiveTests" */;
			buildPhases = (
				78F39A202C26C3440096A6CB /* Sources */,
				78F39A212C26C3440096A6CB /* Frameworks */,
				78F39A222C26C3440096A6CB /* Resources */,
			);
			buildRules = (
			);
			dependencies = (
				78F39A262C26C3440096A6CB /* PBXTargetDependency */,
			);
			name = "Adventure ArchiveTests";
			productName = "Adventure ArchiveTests";
			productReference = 78F39A242C26C3440096A6CB /* Adventure ArchiveTests.xctest */;
			productType = "com.apple.product-type.bundle.unit-test";
		};
		78F39A2D2C26C3440096A6CB /* Adventure ArchiveUITests */ = {
			isa = PBXNativeTarget;
			buildConfigurationList = 78F39A3E2C26C3440096A6CB /* Build configuration list for PBXNativeTarget "Adventure ArchiveUITests" */;
			buildPhases = (
				78F39A2A2C26C3440096A6CB /* Sources */,
				78F39A2B2C26C3440096A6CB /* Frameworks */,
				78F39A2C2C26C3440096A6CB /* Resources */,
			);
			buildRules = (
			);
			dependencies = (
				78F39A302C26C3440096A6CB /* PBXTargetDependency */,
			);
			name = "Adventure ArchiveUITests";
			productName = "Adventure ArchiveUITests";
			productReference = 78F39A2E2C26C3440096A6CB /* Adventure ArchiveUITests.xctest */;
			productType = "com.apple.product-type.bundle.ui-testing";
		};
/* End PBXNativeTarget section */

/* Begin PBXProject section */
		78F39A0A2C26C33C0096A6CB /* Project object */ = {
			isa = PBXProject;
			attributes = {
				BuildIndependentTargetsInParallel = 1;
				LastSwiftUpdateCheck = 1520;
				LastUpgradeCheck = 1520;
				TargetAttributes = {
					78F39A112C26C33C0096A6CB = {
						CreatedOnToolsVersion = 15.2;
					};
					78F39A232C26C3440096A6CB = {
						CreatedOnToolsVersion = 15.2;
						TestTargetID = 78F39A112C26C33C0096A6CB;
					};
					78F39A2D2C26C3440096A6CB = {
						CreatedOnToolsVersion = 15.2;
						TestTargetID = 78F39A112C26C33C0096A6CB;
					};
				};
			};
			buildConfigurationList = 78F39A0D2C26C33C0096A6CB /* Build configuration list for PBXProject "Adventure Archive" */;
			compatibilityVersion = "Xcode 14.0";
			developmentRegion = en;
			hasScannedForEncodings = 0;
			knownRegions = (
				en,
				Base,
			);
			mainGroup = 78F39A092C26C33C0096A6CB;
			packageReferences = (
				78F39A412C26C5200096A6CB /* XCRemoteSwiftPackageReference "supabase-swift" */,
			);
			productRefGroup = 78F39A132C26C33C0096A6CB /* Products */;
			projectDirPath = "";
			projectRoot = "";
			targets = (
				78F39A112C26C33C0096A6CB /* Adventure Archive */,
				78F39A232C26C3440096A6CB /* Adventure ArchiveTests */,
				78F39A2D2C26C3440096A6CB /* Adventure ArchiveUITests */,
			);
		};
/* End PBXProject section */

/* Begin PBXResourcesBuildPhase section */
		78F39A102C26C33C0096A6CB /* Resources */ = {
			isa = PBXResourcesBuildPhase;
			buildActionMask = 2147483647;
			files = (
				78F39A1F2C26C3420096A6CB /* Preview Assets.xcassets in Resources */,
				78F39A4D2C26C5880096A6CB /* Config.xcconfig in Resources */,
				78F39A1C2C26C3420096A6CB /* Assets.xcassets in Resources */,
			);
			runOnlyForDeploymentPostprocessing = 0;
		};
		78F39A222C26C3440096A6CB /* Resources */ = {
			isa = PBXResourcesBuildPhase;
			buildActionMask = 2147483647;
			files = (
			);
			runOnlyForDeploymentPostprocessing = 0;
		};
		78F39A2C2C26C3440096A6CB /* Resources */ = {
			isa = PBXResourcesBuildPhase;
			buildActionMask = 2147483647;
			files = (
			);
			runOnlyForDeploymentPostprocessing = 0;
		};
/* End PBXResourcesBuildPhase section */

/* Begin PBXSourcesBuildPhase section */
		78F39A0E2C26C33C0096A6CB /* Sources */ = {
			isa = PBXSourcesBuildPhase;
			buildActionMask = 2147483647;
			files = (
				78F39A182C26C33C0096A6CB /* ContentView.swift in Sources */,
				78F39A1A2C26C33C0096A6CB /* Item.swift in Sources */,
				78F39A162C26C33C0096A6CB /* Adventure_ArchiveApp.swift in Sources */,
				78F39A512C26C7850096A6CB /* LoginView.swift in Sources */,
				78F39A4F2C26C63B0096A6CB /* SupabaseManager.swift in Sources */,
				78F39A562C2713310096A6CB /* WelcomeVIew.swift in Sources */,
			);
			runOnlyForDeploymentPostprocessing = 0;
		};
		78F39A202C26C3440096A6CB /* Sources */ = {
			isa = PBXSourcesBuildPhase;
			buildActionMask = 2147483647;
			files = (
				78F39A292C26C3440096A6CB /* Adventure_ArchiveTests.swift in Sources */,
			);
			runOnlyForDeploymentPostprocessing = 0;
		};
		78F39A2A2C26C3440096A6CB /* Sources */ = {
			isa = PBXSourcesBuildPhase;
			buildActionMask = 2147483647;
			files = (
				78F39A352C26C3440096A6CB /* Adventure_ArchiveUITestsLaunchTests.swift in Sources */,
				78F39A332C26C3440096A6CB /* Adventure_ArchiveUITests.swift in Sources */,
			);
			runOnlyForDeploymentPostprocessing = 0;
		};
/* End PBXSourcesBuildPhase section */

/* Begin PBXTargetDependency section */
		78F39A262C26C3440096A6CB /* PBXTargetDependency */ = {
			isa = PBXTargetDependency;
			target = 78F39A112C26C33C0096A6CB /* Adventure Archive */;
			targetProxy = 78F39A252C26C3440096A6CB /* PBXContainerItemProxy */;
		};
		78F39A302C26C3440096A6CB /* PBXTargetDependency */ = {
			isa = PBXTargetDependency;
			target = 78F39A112C26C33C0096A6CB /* Adventure Archive */;
			targetProxy = 78F39A2F2C26C3440096A6CB /* PBXContainerItemProxy */;
		};
/* End PBXTargetDependency section */

/* Begin XCBuildConfiguration section */
		78F39A362C26C3440096A6CB /* Debug */ = {
			isa = XCBuildConfiguration;
			buildSettings = {
				ALWAYS_SEARCH_USER_PATHS = NO;
				ASSETCATALOG_COMPILER_GENERATE_SWIFT_ASSET_SYMBOL_EXTENSIONS = YES;
				CLANG_ANALYZER_NONNULL = YES;
				CLANG_ANALYZER_NUMBER_OBJECT_CONVERSION = YES_AGGRESSIVE;
				CLANG_CXX_LANGUAGE_STANDARD = "gnu++20";
				CLANG_ENABLE_MODULES = YES;
				CLANG_ENABLE_OBJC_ARC = YES;
				CLANG_ENABLE_OBJC_WEAK = YES;
				CLANG_WARN_BLOCK_CAPTURE_AUTORELEASING = YES;
				CLANG_WARN_BOOL_CONVERSION = YES;
				CLANG_WARN_COMMA = YES;
				CLANG_WARN_CONSTANT_CONVERSION = YES;
				CLANG_WARN_DEPRECATED_OBJC_IMPLEMENTATIONS = YES;
				CLANG_WARN_DIRECT_OBJC_ISA_USAGE = YES_ERROR;
				CLANG_WARN_DOCUMENTATION_COMMENTS = YES;
				CLANG_WARN_EMPTY_BODY = YES;
				CLANG_WARN_ENUM_CONVERSION = YES;
				CLANG_WARN_INFINITE_RECURSION = YES;
				CLANG_WARN_INT_CONVERSION = YES;
				CLANG_WARN_NON_LITERAL_NULL_CONVERSION = YES;
				CLANG_WARN_OBJC_IMPLICIT_RETAIN_SELF = YES;
				CLANG_WARN_OBJC_LITERAL_CONVERSION = YES;
				CLANG_WARN_OBJC_ROOT_CLASS = YES_ERROR;
				CLANG_WARN_QUOTED_INCLUDE_IN_FRAMEWORK_HEADER = YES;
				CLANG_WARN_RANGE_LOOP_ANALYSIS = YES;
				CLANG_WARN_STRICT_PROTOTYPES = YES;
				CLANG_WARN_SUSPICIOUS_MOVE = YES;
				CLANG_WARN_UNGUARDED_AVAILABILITY = YES_AGGRESSIVE;
				CLANG_WARN_UNREACHABLE_CODE = YES;
				CLANG_WARN__DUPLICATE_METHOD_MATCH = YES;
				COPY_PHASE_STRIP = NO;
				DEBUG_INFORMATION_FORMAT = dwarf;
				ENABLE_STRICT_OBJC_MSGSEND = YES;
				ENABLE_TESTABILITY = YES;
				ENABLE_USER_SCRIPT_SANDBOXING = YES;
				GCC_C_LANGUAGE_STANDARD = gnu17;
				GCC_DYNAMIC_NO_PIC = NO;
				GCC_NO_COMMON_BLOCKS = YES;
				GCC_OPTIMIZATION_LEVEL = 0;
				GCC_PREPROCESSOR_DEFINITIONS = (
					"DEBUG=1",
					"$(inherited)",
				);
				GCC_WARN_64_TO_32_BIT_CONVERSION = YES;
				GCC_WARN_ABOUT_RETURN_TYPE = YES_ERROR;
				GCC_WARN_UNDECLARED_SELECTOR = YES;
				GCC_WARN_UNINITIALIZED_AUTOS = YES_AGGRESSIVE;
				GCC_WARN_UNUSED_FUNCTION = YES;
				GCC_WARN_UNUSED_VARIABLE = YES;
				IPHONEOS_DEPLOYMENT_TARGET = 17.2;
				LOCALIZATION_PREFERS_STRING_CATALOGS = YES;
				MTL_ENABLE_DEBUG_INFO = INCLUDE_SOURCE;
				MTL_FAST_MATH = YES;
				ONLY_ACTIVE_ARCH = YES;
				SDKROOT = iphoneos;
				SWIFT_ACTIVE_COMPILATION_CONDITIONS = "DEBUG $(inherited)";
				SWIFT_OPTIMIZATION_LEVEL = "-Onone";
			};
			name = Debug;
		};
		78F39A372C26C3440096A6CB /* Release */ = {
			isa = XCBuildConfiguration;
			buildSettings = {
				ALWAYS_SEARCH_USER_PATHS = NO;
				ASSETCATALOG_COMPILER_GENERATE_SWIFT_ASSET_SYMBOL_EXTENSIONS = YES;
				CLANG_ANALYZER_NONNULL = YES;
				CLANG_ANALYZER_NUMBER_OBJECT_CONVERSION = YES_AGGRESSIVE;
				CLANG_CXX_LANGUAGE_STANDARD = "gnu++20";
				CLANG_ENABLE_MODULES = YES;
				CLANG_ENABLE_OBJC_ARC = YES;
				CLANG_ENABLE_OBJC_WEAK = YES;
				CLANG_WARN_BLOCK_CAPTURE_AUTORELEASING = YES;
				CLANG_WARN_BOOL_CONVERSION = YES;
				CLANG_WARN_COMMA = YES;
				CLANG_WARN_CONSTANT_CONVERSION = YES;
				CLANG_WARN_DEPRECATED_OBJC_IMPLEMENTATIONS = YES;
				CLANG_WARN_DIRECT_OBJC_ISA_USAGE = YES_ERROR;
				CLANG_WARN_DOCUMENTATION_COMMENTS = YES;
				CLANG_WARN_EMPTY_BODY = YES;
				CLANG_WARN_ENUM_CONVERSION = YES;
				CLANG_WARN_INFINITE_RECURSION = YES;
				CLANG_WARN_INT_CONVERSION = YES;
				CLANG_WARN_NON_LITERAL_NULL_CONVERSION = YES;
				CLANG_WARN_OBJC_IMPLICIT_RETAIN_SELF = YES;
				CLANG_WARN_OBJC_LITERAL_CONVERSION = YES;
				CLANG_WARN_OBJC_ROOT_CLASS = YES_ERROR;
				CLANG_WARN_QUOTED_INCLUDE_IN_FRAMEWORK_HEADER = YES;
				CLANG_WARN_RANGE_LOOP_ANALYSIS = YES;
				CLANG_WARN_STRICT_PROTOTYPES = YES;
				CLANG_WARN_SUSPICIOUS_MOVE = YES;
				CLANG_WARN_UNGUARDED_AVAILABILITY = YES_AGGRESSIVE;
				CLANG_WARN_UNREACHABLE_CODE = YES;
				CLANG_WARN__DUPLICATE_METHOD_MATCH = YES;
				COPY_PHASE_STRIP = NO;
				DEBUG_INFORMATION_FORMAT = "dwarf-with-dsym";
				ENABLE_NS_ASSERTIONS = NO;
				ENABLE_STRICT_OBJC_MSGSEND = YES;
				ENABLE_USER_SCRIPT_SANDBOXING = YES;
				GCC_C_LANGUAGE_STANDARD = gnu17;
				GCC_NO_COMMON_BLOCKS = YES;
				GCC_WARN_64_TO_32_BIT_CONVERSION = YES;
				GCC_WARN_ABOUT_RETURN_TYPE = YES_ERROR;
				GCC_WARN_UNDECLARED_SELECTOR = YES;
				GCC_WARN_UNINITIALIZED_AUTOS = YES_AGGRESSIVE;
				GCC_WARN_UNUSED_FUNCTION = YES;
				GCC_WARN_UNUSED_VARIABLE = YES;
				IPHONEOS_DEPLOYMENT_TARGET = 17.2;
				LOCALIZATION_PREFERS_STRING_CATALOGS = YES;
				MTL_ENABLE_DEBUG_INFO = NO;
				MTL_FAST_MATH = YES;
				SDKROOT = iphoneos;
				SWIFT_COMPILATION_MODE = wholemodule;
				VALIDATE_PRODUCT = YES;
			};
			name = Release;
		};
		78F39A392C26C3440096A6CB /* Debug */ = {
			isa = XCBuildConfiguration;
			buildSettings = {
				ASSETCATALOG_COMPILER_APPICON_NAME = AppIcon;
				ASSETCATALOG_COMPILER_GLOBAL_ACCENT_COLOR_NAME = AccentColor;
				CODE_SIGN_STYLE = Automatic;
				CURRENT_PROJECT_VERSION = 1;
				DEVELOPMENT_ASSET_PATHS = "\"Adventure Archive/Preview Content\"";
				DEVELOPMENT_TEAM = 84Q3MJ58NW;
				ENABLE_PREVIEWS = YES;
				GENERATE_INFOPLIST_FILE = YES;
				INFOPLIST_KEY_UIApplicationSceneManifest_Generation = YES;
				INFOPLIST_KEY_UIApplicationSupportsIndirectInputEvents = YES;
				INFOPLIST_KEY_UILaunchScreen_Generation = YES;
				INFOPLIST_KEY_UIStatusBarStyle = UIStatusBarStyleLightContent;
				INFOPLIST_KEY_UISupportedInterfaceOrientations_iPad = "UIInterfaceOrientationPortrait UIInterfaceOrientationPortraitUpsideDown UIInterfaceOrientationLandscapeLeft UIInterfaceOrientationLandscapeRight";
				INFOPLIST_KEY_UISupportedInterfaceOrientations_iPhone = "UIInterfaceOrientationPortrait UIInterfaceOrientationLandscapeLeft UIInterfaceOrientationLandscapeRight";
				LD_RUNPATH_SEARCH_PATHS = (
					"$(inherited)",
					"@executable_path/Frameworks",
				);
				MARKETING_VERSION = 1.0;
				PRODUCT_BUNDLE_IDENTIFIER = "com.sanjusroboticsstudio.Adventure-Archive";
				PRODUCT_NAME = "$(TARGET_NAME)";
				SWIFT_EMIT_LOC_STRINGS = YES;
				SWIFT_VERSION = 5.0;
				TARGETED_DEVICE_FAMILY = "1,2";
			};
			name = Debug;
		};
		78F39A3A2C26C3440096A6CB /* Release */ = {
			isa = XCBuildConfiguration;
			buildSettings = {
				ASSETCATALOG_COMPILER_APPICON_NAME = AppIcon;
				ASSETCATALOG_COMPILER_GLOBAL_ACCENT_COLOR_NAME = AccentColor;
				CODE_SIGN_STYLE = Automatic;
				CURRENT_PROJECT_VERSION = 1;
				DEVELOPMENT_ASSET_PATHS = "\"Adventure Archive/Preview Content\"";
				DEVELOPMENT_TEAM = 84Q3MJ58NW;
				ENABLE_PREVIEWS = YES;
				GENERATE_INFOPLIST_FILE = YES;
				INFOPLIST_KEY_UIApplicationSceneManifest_Generation = YES;
				INFOPLIST_KEY_UIApplicationSupportsIndirectInputEvents = YES;
				INFOPLIST_KEY_UILaunchScreen_Generation = YES;
				INFOPLIST_KEY_UIStatusBarStyle = UIStatusBarStyleLightContent;
				INFOPLIST_KEY_UISupportedInterfaceOrientations_iPad = "UIInterfaceOrientationPortrait UIInterfaceOrientationPortraitUpsideDown UIInterfaceOrientationLandscapeLeft UIInterfaceOrientationLandscapeRight";
				INFOPLIST_KEY_UISupportedInterfaceOrientations_iPhone = "UIInterfaceOrientationPortrait UIInterfaceOrientationLandscapeLeft UIInterfaceOrientationLandscapeRight";
				LD_RUNPATH_SEARCH_PATHS = (
					"$(inherited)",
					"@executable_path/Frameworks",
				);
				MARKETING_VERSION = 1.0;
				PRODUCT_BUNDLE_IDENTIFIER = "com.sanjusroboticsstudio.Adventure-Archive";
				PRODUCT_NAME = "$(TARGET_NAME)";
				SWIFT_EMIT_LOC_STRINGS = YES;
				SWIFT_VERSION = 5.0;
				TARGETED_DEVICE_FAMILY = "1,2";
			};
			name = Release;
		};
		78F39A3C2C26C3440096A6CB /* Debug */ = {
			isa = XCBuildConfiguration;
			buildSettings = {
				ALWAYS_EMBED_SWIFT_STANDARD_LIBRARIES = YES;
				BUNDLE_LOADER = "$(TEST_HOST)";
				CODE_SIGN_STYLE = Automatic;
				CURRENT_PROJECT_VERSION = 1;
				DEVELOPMENT_TEAM = 84Q3MJ58NW;
				GENERATE_INFOPLIST_FILE = YES;
				IPHONEOS_DEPLOYMENT_TARGET = 17.2;
				MARKETING_VERSION = 1.0;
				PRODUCT_BUNDLE_IDENTIFIER = "com.sanjusroboticsstudio.Adventure-ArchiveTests";
				PRODUCT_NAME = "$(TARGET_NAME)";
				SWIFT_EMIT_LOC_STRINGS = NO;
				SWIFT_VERSION = 5.0;
				TARGETED_DEVICE_FAMILY = "1,2";
				TEST_HOST = "$(BUILT_PRODUCTS_DIR)/Adventure Archive.app/$(BUNDLE_EXECUTABLE_FOLDER_PATH)/Adventure Archive";
			};
			name = Debug;
		};
		78F39A3D2C26C3440096A6CB /* Release */ = {
			isa = XCBuildConfiguration;
			buildSettings = {
				ALWAYS_EMBED_SWIFT_STANDARD_LIBRARIES = YES;
				BUNDLE_LOADER = "$(TEST_HOST)";
				CODE_SIGN_STYLE = Automatic;
				CURRENT_PROJECT_VERSION = 1;
				DEVELOPMENT_TEAM = 84Q3MJ58NW;
				GENERATE_INFOPLIST_FILE = YES;
				IPHONEOS_DEPLOYMENT_TARGET = 17.2;
				MARKETING_VERSION = 1.0;
				PRODUCT_BUNDLE_IDENTIFIER = "com.sanjusroboticsstudio.Adventure-ArchiveTests";
				PRODUCT_NAME = "$(TARGET_NAME)";
				SWIFT_EMIT_LOC_STRINGS = NO;
				SWIFT_VERSION = 5.0;
				TARGETED_DEVICE_FAMILY = "1,2";
				TEST_HOST = "$(BUILT_PRODUCTS_DIR)/Adventure Archive.app/$(BUNDLE_EXECUTABLE_FOLDER_PATH)/Adventure Archive";
			};
			name = Release;
		};
		78F39A3F2C26C3440096A6CB /* Debug */ = {
			isa = XCBuildConfiguration;
			buildSettings = {
				ALWAYS_EMBED_SWIFT_STANDARD_LIBRARIES = YES;
				CODE_SIGN_STYLE = Automatic;
				CURRENT_PROJECT_VERSION = 1;
				DEVELOPMENT_TEAM = 84Q3MJ58NW;
				GENERATE_INFOPLIST_FILE = YES;
				MARKETING_VERSION = 1.0;
				PRODUCT_BUNDLE_IDENTIFIER = "com.sanjusroboticsstudio.Adventure-ArchiveUITests";
				PRODUCT_NAME = "$(TARGET_NAME)";
				SWIFT_EMIT_LOC_STRINGS = NO;
				SWIFT_VERSION = 5.0;
				TARGETED_DEVICE_FAMILY = "1,2";
				TEST_TARGET_NAME = "Adventure Archive";
			};
			name = Debug;
		};
		78F39A402C26C3440096A6CB /* Release */ = {
			isa = XCBuildConfiguration;
			buildSettings = {
				ALWAYS_EMBED_SWIFT_STANDARD_LIBRARIES = YES;
				CODE_SIGN_STYLE = Automatic;
				CURRENT_PROJECT_VERSION = 1;
				DEVELOPMENT_TEAM = 84Q3MJ58NW;
				GENERATE_INFOPLIST_FILE = YES;
				MARKETING_VERSION = 1.0;
				PRODUCT_BUNDLE_IDENTIFIER = "com.sanjusroboticsstudio.Adventure-ArchiveUITests";
				PRODUCT_NAME = "$(TARGET_NAME)";
				SWIFT_EMIT_LOC_STRINGS = NO;
				SWIFT_VERSION = 5.0;
				TARGETED_DEVICE_FAMILY = "1,2";
				TEST_TARGET_NAME = "Adventure Archive";
			};
			name = Release;
		};
/* End XCBuildConfiguration section */

/* Begin XCConfigurationList section */
		78F39A0D2C26C33C0096A6CB /* Build configuration list for PBXProject "Adventure Archive" */ = {
			isa = XCConfigurationList;
			buildConfigurations = (
				78F39A362C26C3440096A6CB /* Debug */,
				78F39A372C26C3440096A6CB /* Release */,
			);
			defaultConfigurationIsVisible = 0;
			defaultConfigurationName = Release;
		};
		78F39A382C26C3440096A6CB /* Build configuration list for PBXNativeTarget "Adventure Archive" */ = {
			isa = XCConfigurationList;
			buildConfigurations = (
				78F39A392C26C3440096A6CB /* Debug */,
				78F39A3A2C26C3440096A6CB /* Release */,
			);
			defaultConfigurationIsVisible = 0;
			defaultConfigurationName = Release;
		};
		78F39A3B2C26C3440096A6CB /* Build configuration list for PBXNativeTarget "Adventure ArchiveTests" */ = {
			isa = XCConfigurationList;
			buildConfigurations = (
				78F39A3C2C26C3440096A6CB /* Debug */,
				78F39A3D2C26C3440096A6CB /* Release */,
			);
			defaultConfigurationIsVisible = 0;
			defaultConfigurationName = Release;
		};
		78F39A3E2C26C3440096A6CB /* Build configuration list for PBXNativeTarget "Adventure ArchiveUITests" */ = {
			isa = XCConfigurationList;
			buildConfigurations = (
				78F39A3F2C26C3440096A6CB /* Debug */,
				78F39A402C26C3440096A6CB /* Release */,
			);
			defaultConfigurationIsVisible = 0;
			defaultConfigurationName = Release;
		};
/* End XCConfigurationList section */

/* Begin XCRemoteSwiftPackageReference section */
		78F39A412C26C5200096A6CB /* XCRemoteSwiftPackageReference "supabase-swift" */ = {
			isa = XCRemoteSwiftPackageReference;
			repositoryURL = "https://github.com/supabase/supabase-swift";
			requirement = {
				kind = upToNextMajorVersion;
				minimumVersion = 2.5.1;
			};
		};
/* End XCRemoteSwiftPackageReference section */

/* Begin XCSwiftPackageProductDependency section */
		78F39A422C26C5200096A6CB /* Auth */ = {
			isa = XCSwiftPackageProductDependency;
			package = 78F39A412C26C5200096A6CB /* XCRemoteSwiftPackageReference "supabase-swift" */;
			productName = Auth;
		};
		78F39A442C26C5200096A6CB /* Functions */ = {
			isa = XCSwiftPackageProductDependency;
			package = 78F39A412C26C5200096A6CB /* XCRemoteSwiftPackageReference "supabase-swift" */;
			productName = Functions;
		};
		78F39A462C26C5200096A6CB /* PostgREST */ = {
			isa = XCSwiftPackageProductDependency;
			package = 78F39A412C26C5200096A6CB /* XCRemoteSwiftPackageReference "supabase-swift" */;
			productName = PostgREST;
		};
		78F39A482C26C5200096A6CB /* Realtime */ = {
			isa = XCSwiftPackageProductDependency;
			package = 78F39A412C26C5200096A6CB /* XCRemoteSwiftPackageReference "supabase-swift" */;
			productName = Realtime;
		};
		78F39A4A2C26C5200096A6CB /* Storage */ = {
			isa = XCSwiftPackageProductDependency;
			package = 78F39A412C26C5200096A6CB /* XCRemoteSwiftPackageReference "supabase-swift" */;
			productName = Storage;
		};
		78F39A532C26F6E80096A6CB /* Supabase */ = {
			isa = XCSwiftPackageProductDependency;
			package = 78F39A412C26C5200096A6CB /* XCRemoteSwiftPackageReference "supabase-swift" */;
			productName = Supabase;
		};
/* End XCSwiftPackageProductDependency section */
	};
	rootObject = 78F39A0A2C26C33C0096A6CB /* Project object */;
}
